dependencies:
- name: spire-server
  repository: file://./charts/spire-server
  version: 0.1.0
- name: spire-agent
  repository: file://./charts/spire-agent
  version: 0.1.0
- name: spiffe-csi-driver
  repository: file://./charts/spiffe-csi-driver
  version: 0.1.0
- name: spiffe-oidc-discovery-provider
  repository: file://./charts/spiffe-oidc-discovery-provider
  version: 0.1.0
- name: tornjak-frontend
  repository: file://./charts/tornjak-frontend
  version: 0.1.0
digest: sha256:0119361a3dd54d1cf088f299ce9adbee55a96c832cb675f57e5e115acf7b17c7
generated: "2023-07-19T19:13:59.722106+02:00"
